
Microsoft Visual Studio Solution File, Format Version 12.00
# Visual Studio Version 17
VisualStudioVersion = 17.3.32929.385
MinimumVisualStudioVersion = 10.0.40219.1
Project("{FAE04EC0-301F-11D3-BF4B-00C04F79EFBC}") = "ToDoList2", "ToDoList2\ToDoList2.csproj", "{0C5D21CB-D686-48A9-B289-DE592A6C24CB}"
EndProject
Global
	GlobalSection(SolutionConfigurationPlatforms) = preSolution
		Debug|Any CPU = Debug|Any CPU
		Release|Any CPU = Release|Any CPU
	EndGlobalSection
	GlobalSection(ProjectConfigurationPlatforms) = postSolution
		{0C5D21CB-D686-48A9-B289-DE592A6C24CB}.Debug|Any CPU.ActiveCfg = Debug|Any CPU
		{0C5D21CB-D686-48A9-B289-DE592A6C24CB}.Debug|Any CPU.Build.0 = Debug|Any CPU
		{0C5D21CB-D686-48A9-B289-DE592A6C24CB}.Release|Any CPU.ActiveCfg = Release|Any CPU
		{0C5D21CB-D686-48A9-B289-DE592A6C24CB}.Release|Any CPU.Build.0 = Release|Any CPU
	EndGlobalSection
	GlobalSection(SolutionProperties) = preSolution
		HideSolutionNode = FALSE
	EndGlobalSection
	GlobalSection(ExtensibilityGlobals) = postSolution
		SolutionGuid = {FE748411-7BCE-4557-A0D9-36FA36EF3C3F}
	EndGlobalSection
EndGlobal
